
Microsoft Visual Studio Solution File, Format Version 12.00
# Visual Studio Version 16
VisualStudioVersion = 16.0.31410.357
MinimumVisualStudioVersion = 10.0.40219.1
Project("{FAE04EC0-301F-11D3-BF4B-00C04F79EFBC}") = "Tomahtoe.UWP", "Tomahtoe\Tomahtoe.UWP\Tomahtoe.UWP.csproj", "{FFE8C2CB-EA74-499F-85CD-8886A65A37B3}"
EndProject
Project("{FAE04EC0-301F-11D3-BF4B-00C04F79EFBC}") = "Tomahtoe.Android", "Tomahtoe\Tomahtoe.Android\Tomahtoe.Android.csproj", "{14843E74-EDFB-4CE7-B5BE-A93FDD68DF53}"
EndProject
Project("{FAE04EC0-301F-11D3-BF4B-00C04F79EFBC}") = "Tomahtoe.iOS", "Tomahtoe\Tomahtoe.iOS\Tomahtoe.iOS.csproj", "{D55C6840-FA8A-4697-94D6-1C4C9988CC15}"
EndProject
Project("{FAE04EC0-301F-11D3-BF4B-00C04F79EFBC}") = "Tomahtoe", "Tomahtoe\Tomahtoe\Tomahtoe.csproj", "{B418E616-F25F-42B0-9E8A-AC0E40C9D88D}"
EndProject
Global
	GlobalSection(SolutionConfigurationPlatforms) = preSolution
		Debug|Any CPU = Debug|Any CPU
		Debug|ARM = Debug|ARM
		Debug|iPhone = Debug|iPhone
		Debug|iPhoneSimulator = Debug|iPhoneSimulator
		Debug|x64 = Debug|x64
		Debug|x86 = Debug|x86
		Release|Any CPU = Release|Any CPU
		Release|ARM = Release|ARM
		Release|iPhone = Release|iPhone
		Release|iPhoneSimulator = Release|iPhoneSimulator
		Release|x64 = Release|x64
		Release|x86 = Release|x86
	EndGlobalSection
	GlobalSection(ProjectConfigurationPlatforms) = postSolution
		{FFE8C2CB-EA74-499F-85CD-8886A65A37B3}.Debug|Any CPU.ActiveCfg = Debug|x86
		{FFE8C2CB-EA74-499F-85CD-8886A65A37B3}.Debug|Any CPU.Build.0 = Debug|x86
		{FFE8C2CB-EA74-499F-85CD-8886A65A37B3}.Debug|Any CPU.Deploy.0 = Debug|x86
		{FFE8C2CB-EA74-499F-85CD-8886A65A37B3}.Debug|ARM.ActiveCfg = Debug|ARM
		{FFE8C2CB-EA74-499F-85CD-8886A65A37B3}.Debug|ARM.Build.0 = Debug|ARM
		{FFE8C2CB-EA74-499F-85CD-8886A65A37B3}.Debug|ARM.Deploy.0 = Debug|ARM
		{FFE8C2CB-EA74-499F-85CD-8886A65A37B3}.Debug|iPhone.ActiveCfg = Debug|x86
		{FFE8C2CB-EA74-499F-85CD-8886A65A37B3}.Debug|iPhone.Build.0 = Debug|x86
		{FFE8C2CB-EA74-499F-85CD-8886A65A37B3}.Debug|iPhone.Deploy.0 = Debug|x86
		{FFE8C2CB-EA74-499F-85CD-8886A65A37B3}.Debug|iPhoneSimulator.ActiveCfg = Debug|x86
		{FFE8C2CB-EA74-499F-85CD-8886A65A37B3}.Debug|iPhoneSimulator.Build.0 = Debug|x86
		{FFE8C2CB-EA74-499F-85CD-8886A65A37B3}.Debug|iPhoneSimulator.Deploy.0 = Debug|x86
		{FFE8C2CB-EA74-499F-85CD-8886A65A37B3}.Debug|x64.ActiveCfg = Debug|x64
		{FFE8C2CB-EA74-499F-85CD-8886A65A37B3}.Debug|x64.Build.0 = Debug|x64
		{FFE8C2CB-EA74-499F-85CD-8886A65A37B3}.Debug|x64.Deploy.0 = Debug|x64
		{FFE8C2CB-EA74-499F-85CD-8886A65A37B3}.Debug|x86.ActiveCfg = Debug|x86
		{FFE8C2CB-EA74-499F-85CD-8886A65A37B3}.Debug|x86.Build.0 = Debug|x86
		{FFE8C2CB-EA74-499F-85CD-8886A65A37B3}.Debug|x86.Deploy.0 = Debug|x86
		{FFE8C2CB-EA74-499F-85CD-8886A65A37B3}.Release|Any CPU.ActiveCfg = Release|x86
		{FFE8C2CB-EA74-499F-85CD-8886A65A37B3}.Release|Any CPU.Build.0 = Release|x86
		{FFE8C2CB-EA74-499F-85CD-8886A65A37B3}.Release|Any CPU.Deploy.0 = Release|x86
		{FFE8C2CB-EA74-499F-85CD-8886A65A37B3}.Release|ARM.ActiveCfg = Release|ARM
		{FFE8C2CB-EA74-499F-85CD-8886A65A37B3}.Release|ARM.Build.0 = Release|ARM
		{FFE8C2CB-EA74-499F-85CD-8886A65A37B3}.Release|ARM.Deploy.0 = Release|ARM
		{FFE8C2CB-EA74-499F-85CD-8886A65A37B3}.Release|iPhone.ActiveCfg = Release|x86
		{FFE8C2CB-EA74-499F-85CD-8886A65A37B3}.Release|iPhone.Build.0 = Release|x86
		{FFE8C2CB-EA74-499F-85CD-8886A65A37B3}.Release|iPhone.Deploy.0 = Release|x86
		{FFE8C2CB-EA74-499F-85CD-8886A65A37B3}.Release|iPhoneSimulator.ActiveCfg = Release|x86
		{FFE8C2CB-EA74-499F-85CD-8886A65A37B3}.Release|iPhoneSimulator.Build.0 = Release|x86
		{FFE8C2CB-EA74-499F-85CD-8886A65A37B3}.Release|iPhoneSimulator.Deploy.0 = Release|x86
		{FFE8C2CB-EA74-499F-85CD-8886A65A37B3}.Release|x64.ActiveCfg = Release|x64
		{FFE8C2CB-EA74-499F-85CD-8886A65A37B3}.Release|x64.Build.0 = Release|x64
		{FFE8C2CB-EA74-499F-85CD-8886A65A37B3}.Release|x64.Deploy.0 = Release|x64
		{FFE8C2CB-EA74-499F-85CD-8886A65A37B3}.Release|x86.ActiveCfg = Release|x86
		{FFE8C2CB-EA74-499F-85CD-8886A65A37B3}.Release|x86.Build.0 = Release|x86
		{FFE8C2CB-EA74-499F-85CD-8886A65A37B3}.Release|x86.Deploy.0 = Release|x86
		{14843E74-EDFB-4CE7-B5BE-A93FDD68DF53}.Debug|Any CPU.ActiveCfg = Debug|Any CPU
		{14843E74-EDFB-4CE7-B5BE-A93FDD68DF53}.Debug|Any CPU.Build.0 = Debug|Any CPU
		{14843E74-EDFB-4CE7-B5BE-A93FDD68DF53}.Debug|Any CPU.Deploy.0 = Debug|Any CPU
		{14843E74-EDFB-4CE7-B5BE-A93FDD68DF53}.Debug|ARM.ActiveCfg = Debug|Any CPU
		{14843E74-EDFB-4CE7-B5BE-A93FDD68DF53}.Debug|ARM.Build.0 = Debug|Any CPU
		{14843E74-EDFB-4CE7-B5BE-A93FDD68DF53}.Debug|ARM.Deploy.0 = Debug|Any CPU
		{14843E74-EDFB-4CE7-B5BE-A93FDD68DF53}.Debug|iPhone.ActiveCfg = Debug|Any CPU
		{14843E74-EDFB-4CE7-B5BE-A93FDD68DF53}.Debug|iPhone.Build.0 = Debug|Any CPU
		{14843E74-EDFB-4CE7-B5BE-A93FDD68DF53}.Debug|iPhone.Deploy.0 = Debug|Any CPU
		{14843E74-EDFB-4CE7-B5BE-A93FDD68DF53}.Debug|iPhoneSimulator.ActiveCfg = Debug|Any CPU
		{14843E74-EDFB-4CE7-B5BE-A93FDD68DF53}.Debug|iPhoneSimulator.Build.0 = Debug|Any CPU
		{14843E74-EDFB-4CE7-B5BE-A93FDD68DF53}.Debug|iPhoneSimulator.Deploy.0 = Debug|Any CPU
		{14843E74-EDFB-4CE7-B5BE-A93FDD68DF53}.Debug|x64.ActiveCfg = Debug|Any CPU
		{14843E74-EDFB-4CE7-B5BE-A93FDD68DF53}.Debug|x64.Build.0 = Debug|Any CPU
		{14843E74-EDFB-4CE7-B5BE-A93FDD68DF53}.Debug|x64.Deploy.0 = Debug|Any CPU
		{14843E74-EDFB-4CE7-B5BE-A93FDD68DF53}.Debug|x86.ActiveCfg = Debug|Any CPU
		{14843E74-EDFB-4CE7-B5BE-A93FDD68DF53}.Debug|x86.Build.0 = Debug|Any CPU
		{14843E74-EDFB-4CE7-B5BE-A93FDD68DF53}.Debug|x86.Deploy.0 = Debug|Any CPU
		{14843E74-EDFB-4CE7-B5BE-A93FDD68DF53}.Release|Any CPU.ActiveCfg = Release|Any CPU
		{14843E74-EDFB-4CE7-B5BE-A93FDD68DF53}.Release|Any CPU.Build.0 = Release|Any CPU
		{14843E74-EDFB-4CE7-B5BE-A93FDD68DF53}.Release|Any CPU.Deploy.0 = Release|Any CPU
		{14843E74-EDFB-4CE7-B5BE-A93FDD68DF53}.Release|ARM.ActiveCfg = Release|Any CPU
		{14843E74-EDFB-4CE7-B5BE-A93FDD68DF53}.Release|ARM.Build.0 = Release|Any CPU
		{14843E74-EDFB-4CE7-B5BE-A93FDD68DF53}.Release|ARM.Deploy.0 = Release|Any CPU
		{14843E74-EDFB-4CE7-B5BE-A93FDD68DF53}.Release|iPhone.ActiveCfg = Release|Any CPU
		{14843E74-EDFB-4CE7-B5BE-A93FDD68DF53}.Release|iPhone.Build.0 = Release|Any CPU
		{14843E74-EDFB-4CE7-B5BE-A93FDD68DF53}.Release|iPhone.Deploy.0 = Release|Any CPU
		{14843E74-EDFB-4CE7-B5BE-A93FDD68DF53}.Release|iPhoneSimulator.ActiveCfg = Release|Any CPU
		{14843E74-EDFB-4CE7-B5BE-A93FDD68DF53}.Release|iPhoneSimulator.Build.0 = Release|Any CPU
		{14843E74-EDFB-4CE7-B5BE-A93FDD68DF53}.Release|iPhoneSimulator.Deploy.0 = Release|Any CPU
		{14843E74-EDFB-4CE7-B5BE-A93FDD68DF53}.Release|x64.ActiveCfg = Release|Any CPU
		{14843E74-EDFB-4CE7-B5BE-A93FDD68DF53}.Release|x64.Build.0 = Release|Any CPU
		{14843E74-EDFB-4CE7-B5BE-A93FDD68DF53}.Release|x64.Deploy.0 = Release|Any CPU
		{14843E74-EDFB-4CE7-B5BE-A93FDD68DF53}.Release|x86.ActiveCfg = Release|Any CPU
		{14843E74-EDFB-4CE7-B5BE-A93FDD68DF53}.Release|x86.Build.0 = Release|Any CPU
		{14843E74-EDFB-4CE7-B5BE-A93FDD68DF53}.Release|x86.Deploy.0 = Release|Any CPU
		{D55C6840-FA8A-4697-94D6-1C4C9988CC15}.Debug|Any CPU.ActiveCfg = Debug|iPhoneSimulator
		{D55C6840-FA8A-4697-94D6-1C4C9988CC15}.Debug|Any CPU.Build.0 = Debug|iPhoneSimulator
		{D55C6840-FA8A-4697-94D6-1C4C9988CC15}.Debug|Any CPU.Deploy.0 = Debug|iPhoneSimulator
		{D55C6840-FA8A-4697-94D6-1C4C9988CC15}.Debug|ARM.ActiveCfg = Debug|iPhone
		{D55C6840-FA8A-4697-94D6-1C4C9988CC15}.Debug|ARM.Build.0 = Debug|iPhone
		{D55C6840-FA8A-4697-94D6-1C4C9988CC15}.Debug|ARM.Deploy.0 = Debug|iPhone
		{D55C6840-FA8A-4697-94D6-1C4C9988CC15}.Debug|iPhone.ActiveCfg = Debug|iPhone
		{D55C6840-FA8A-4697-94D6-1C4C9988CC15}.Debug|iPhone.Build.0 = Debug|iPhone
		{D55C6840-FA8A-4697-94D6-1C4C9988CC15}.Debug|iPhone.Deploy.0 = Debug|iPhone
		{D55C6840-FA8A-4697-94D6-1C4C9988CC15}.Debug|iPhoneSimulator.ActiveCfg = Debug|iPhoneSimulator
		{D55C6840-FA8A-4697-94D6-1C4C9988CC15}.Debug|iPhoneSimulator.Build.0 = Debug|iPhoneSimulator
		{D55C6840-FA8A-4697-94D6-1C4C9988CC15}.Debug|iPhoneSimulator.Deploy.0 = Debug|iPhoneSimulator
		{D55C6840-FA8A-4697-94D6-1C4C9988CC15}.Debug|x64.ActiveCfg = Debug|iPhoneSimulator
		{D55C6840-FA8A-4697-94D6-1C4C9988CC15}.Debug|x64.Build.0 = Debug|iPhoneSimulator
		{D55C6840-FA8A-4697-94D6-1C4C9988CC15}.Debug|x64.Deploy.0 = Debug|iPhoneSimulator
		{D55C6840-FA8A-4697-94D6-1C4C9988CC15}.Debug|x86.ActiveCfg = Debug|iPhoneSimulator
		{D55C6840-FA8A-4697-94D6-1C4C9988CC15}.Debug|x86.Build.0 = Debug|iPhoneSimulator
		{D55C6840-FA8A-4697-94D6-1C4C9988CC15}.Debug|x86.Deploy.0 = Debug|iPhoneSimulator
		{D55C6840-FA8A-4697-94D6-1C4C9988CC15}.Release|Any CPU.ActiveCfg = Release|iPhoneSimulator
		{D55C6840-FA8A-4697-94D6-1C4C9988CC15}.Release|Any CPU.Build.0 = Release|iPhoneSimulator
		{D55C6840-FA8A-4697-94D6-1C4C9988CC15}.Release|Any CPU.Deploy.0 = Release|iPhoneSimulator
		{D55C6840-FA8A-4697-94D6-1C4C9988CC15}.Release|ARM.ActiveCfg = Release|iPhoneSimulator
		{D55C6840-FA8A-4697-94D6-1C4C9988CC15}.Release|ARM.Build.0 = Release|iPhoneSimulator
		{D55C6840-FA8A-4697-94D6-1C4C9988CC15}.Release|ARM.Deploy.0 = Release|iPhoneSimulator
		{D55C6840-FA8A-4697-94D6-1C4C9988CC15}.Release|iPhone.ActiveCfg = Release|iPhone
		{D55C6840-FA8A-4697-94D6-1C4C9988CC15}.Release|iPhone.Build.0 = Release|iPhone
		{D55C6840-FA8A-4697-94D6-1C4C9988CC15}.Release|iPhone.Deploy.0 = Release|iPhone
		{D55C6840-FA8A-4697-94D6-1C4C9988CC15}.Release|iPhoneSimulator.ActiveCfg = Release|iPhoneSimulator
		{D55C6840-FA8A-4697-94D6-1C4C9988CC15}.Release|iPhoneSimulator.Build.0 = Release|iPhoneSimulator
		{D55C6840-FA8A-4697-94D6-1C4C9988CC15}.Release|iPhoneSimulator.Deploy.0 = Release|iPhoneSimulator
		{D55C6840-FA8A-4697-94D6-1C4C9988CC15}.Release|x64.ActiveCfg = Release|iPhoneSimulator
		{D55C6840-FA8A-4697-94D6-1C4C9988CC15}.Release|x64.Build.0 = Release|iPhoneSimulator
		{D55C6840-FA8A-4697-94D6-1C4C9988CC15}.Release|x64.Deploy.0 = Release|iPhoneSimulator
		{D55C6840-FA8A-4697-94D6-1C4C9988CC15}.Release|x86.ActiveCfg = Release|iPhoneSimulator
		{D55C6840-FA8A-4697-94D6-1C4C9988CC15}.Release|x86.Build.0 = Release|iPhoneSimulator
		{D55C6840-FA8A-4697-94D6-1C4C9988CC15}.Release|x86.Deploy.0 = Release|iPhoneSimulator
		{B418E616-F25F-42B0-9E8A-AC0E40C9D88D}.Debug|Any CPU.ActiveCfg = Debug|Any CPU
		{B418E616-F25F-42B0-9E8A-AC0E40C9D88D}.Debug|Any CPU.Build.0 = Debug|Any CPU
		{B418E616-F25F-42B0-9E8A-AC0E40C9D88D}.Debug|Any CPU.Deploy.0 = Debug|Any CPU
		{B418E616-F25F-42B0-9E8A-AC0E40C9D88D}.Debug|ARM.ActiveCfg = Debug|Any CPU
		{B418E616-F25F-42B0-9E8A-AC0E40C9D88D}.Debug|ARM.Build.0 = Debug|Any CPU
		{B418E616-F25F-42B0-9E8A-AC0E40C9D88D}.Debug|ARM.Deploy.0 = Debug|Any CPU
		{B418E616-F25F-42B0-9E8A-AC0E40C9D88D}.Debug|iPhone.ActiveCfg = Debug|Any CPU
		{B418E616-F25F-42B0-9E8A-AC0E40C9D88D}.Debug|iPhone.Build.0 = Debug|Any CPU
		{B418E616-F25F-42B0-9E8A-AC0E40C9D88D}.Debug|iPhone.Deploy.0 = Debug|Any CPU
		{B418E616-F25F-42B0-9E8A-AC0E40C9D88D}.Debug|iPhoneSimulator.ActiveCfg = Debug|Any CPU
		{B418E616-F25F-42B0-9E8A-AC0E40C9D88D}.Debug|iPhoneSimulator.Build.0 = Debug|Any CPU
		{B418E616-F25F-42B0-9E8A-AC0E40C9D88D}.Debug|iPhoneSimulator.Deploy.0 = Debug|Any CPU
		{B418E616-F25F-42B0-9E8A-AC0E40C9D88D}.Debug|x64.ActiveCfg = Debug|Any CPU
		{B418E616-F25F-42B0-9E8A-AC0E40C9D88D}.Debug|x64.Build.0 = Debug|Any CPU
		{B418E616-F25F-42B0-9E8A-AC0E40C9D88D}.Debug|x64.Deploy.0 = Debug|Any CPU
		{B418E616-F25F-42B0-9E8A-AC0E40C9D88D}.Debug|x86.ActiveCfg = Debug|Any CPU
		{B418E616-F25F-42B0-9E8A-AC0E40C9D88D}.Debug|x86.Build.0 = Debug|Any CPU
		{B418E616-F25F-42B0-9E8A-AC0E40C9D88D}.Debug|x86.Deploy.0 = Debug|Any CPU
		{B418E616-F25F-42B0-9E8A-AC0E40C9D88D}.Release|Any CPU.ActiveCfg = Release|Any CPU
		{B418E616-F25F-42B0-9E8A-AC0E40C9D88D}.Release|Any CPU.Build.0 = Release|Any CPU
		{B418E616-F25F-42B0-9E8A-AC0E40C9D88D}.Release|Any CPU.Deploy.0 = Release|Any CPU
		{B418E616-F25F-42B0-9E8A-AC0E40C9D88D}.Release|ARM.ActiveCfg = Release|Any CPU
		{B418E616-F25F-42B0-9E8A-AC0E40C9D88D}.Release|ARM.Build.0 = Release|Any CPU
		{B418E616-F25F-42B0-9E8A-AC0E40C9D88D}.Release|ARM.Deploy.0 = Release|Any CPU
		{B418E616-F25F-42B0-9E8A-AC0E40C9D88D}.Release|iPhone.ActiveCfg = Release|Any CPU
		{B418E616-F25F-42B0-9E8A-AC0E40C9D88D}.Release|iPhone.Build.0 = Release|Any CPU
		{B418E616-F25F-42B0-9E8A-AC0E40C9D88D}.Release|iPhone.Deploy.0 = Release|Any CPU
		{B418E616-F25F-42B0-9E8A-AC0E40C9D88D}.Release|iPhoneSimulator.ActiveCfg = Release|Any CPU
		{B418E616-F25F-42B0-9E8A-AC0E40C9D88D}.Release|iPhoneSimulator.Build.0 = Release|Any CPU
		{B418E616-F25F-42B0-9E8A-AC0E40C9D88D}.Release|iPhoneSimulator.Deploy.0 = Release|Any CPU
		{B418E616-F25F-42B0-9E8A-AC0E40C9D88D}.Release|x64.ActiveCfg = Release|Any CPU
		{B418E616-F25F-42B0-9E8A-AC0E40C9D88D}.Release|x64.Build.0 = Release|Any CPU
		{B418E616-F25F-42B0-9E8A-AC0E40C9D88D}.Release|x64.Deploy.0 = Release|Any CPU
		{B418E616-F25F-42B0-9E8A-AC0E40C9D88D}.Release|x86.ActiveCfg = Release|Any CPU
		{B418E616-F25F-42B0-9E8A-AC0E40C9D88D}.Release|x86.Build.0 = Release|Any CPU
		{B418E616-F25F-42B0-9E8A-AC0E40C9D88D}.Release|x86.Deploy.0 = Release|Any CPU
	EndGlobalSection
	GlobalSection(SolutionProperties) = preSolution
		HideSolutionNode = FALSE
	EndGlobalSection
	GlobalSection(ExtensibilityGlobals) = postSolution
		SolutionGuid = {35689C80-A473-4596-A8DF-C77E3DD33F32}
	EndGlobalSection
EndGlobal
